// !$*UTF8*$!
{
	archiveVersion = 1;
	classes = {
	};
	objectVersion = 50;
	objects = {

/* Begin PBXBuildFile section */
		4A3A5DF425E69A2700DF5E41 /* RecieptProjectFinalApp.swift in Sources */ = {isa = PBXBuildFile; fileRef = 4A3A5DF325E69A2700DF5E41 /* RecieptProjectFinalApp.swift */; };
		4A3A5DF625E69A2700DF5E41 /* ContentView.swift in Sources */ = {isa = PBXBuildFile; fileRef = 4A3A5DF525E69A2700DF5E41 /* ContentView.swift */; };
		4A3A5DF825E69A3D00DF5E41 /* Assets.xcassets in Resources */ = {isa = PBXBuildFile; fileRef = 4A3A5DF725E69A3D00DF5E41 /* Assets.xcassets */; };
		4A3A5DFB25E69A3D00DF5E41 /* Preview Assets.xcassets in Resources */ = {isa = PBXBuildFile; fileRef = 4A3A5DFA25E69A3D00DF5E41 /* Preview Assets.xcassets */; };
		4A3A5E0625E69A3E00DF5E41 /* RecieptProjectFinalTests.swift in Sources */ = {isa = PBXBuildFile; fileRef = 4A3A5E0525E69A3E00DF5E41 /* RecieptProjectFinalTests.swift */; };
		4A3A5E1125E69A3F00DF5E41 /* RecieptProjectFinalUITests.swift in Sources */ = {isa = PBXBuildFile; fileRef = 4A3A5E1025E69A3F00DF5E41 /* RecieptProjectFinalUITests.swift */; };
		4AA7B78F25E6F238000D9666 /* MainView.swift in Sources */ = {isa = PBXBuildFile; fileRef = 4AA7B78E25E6F238000D9666 /* MainView.swift */; };
		4AA7B79725E6F272000D9666 /* HomeView.swift in Sources */ = {isa = PBXBuildFile; fileRef = 4AA7B79625E6F272000D9666 /* HomeView.swift */; };
		4AA7B79C25E6F286000D9666 /* ScanView.swift in Sources */ = {isa = PBXBuildFile; fileRef = 4AA7B79B25E6F286000D9666 /* ScanView.swift */; };
		4AA7B7A625E6F2A7000D9666 /* ShoppingView.swift in Sources */ = {isa = PBXBuildFile; fileRef = 4AA7B7A525E6F2A7000D9666 /* ShoppingView.swift */; };
		4AA7B7AB25E6F2BB000D9666 /* TrendsView.swift in Sources */ = {isa = PBXBuildFile; fileRef = 4AA7B7AA25E6F2BB000D9666 /* TrendsView.swift */; };
		4AA7B7B025E6F54B000D9666 /* Data.swift in Sources */ = {isa = PBXBuildFile; fileRef = 4AA7B7AF25E6F54B000D9666 /* Data.swift */; };
		4AA7B7B525E6F5FA000D9666 /* Gradient View.swift in Sources */ = {isa = PBXBuildFile; fileRef = 4AA7B7B425E6F5FA000D9666 /* Gradient View.swift */; };
		4AA7B7BA25E6F64D000D9666 /* AccountButtonView.swift in Sources */ = {isa = PBXBuildFile; fileRef = 4AA7B7B925E6F64D000D9666 /* AccountButtonView.swift */; };
		4AA7B7C225E6F674000D9666 /* TabDetailsView.swift in Sources */ = {isa = PBXBuildFile; fileRef = 4AA7B7C125E6F674000D9666 /* TabDetailsView.swift */; };
		4AA7B7CA25E6F786000D9666 /* PageTabView.swift in Sources */ = {isa = PBXBuildFile; fileRef = 4AA7B7C925E6F786000D9666 /* PageTabView.swift */; };
		4AA7B7D225E6F817000D9666 /* WalkthroughView.swift in Sources */ = {isa = PBXBuildFile; fileRef = 4AA7B7D125E6F817000D9666 /* WalkthroughView.swift */; };
		4AA7B7DD25E6FA1B000D9666 /* ScanDocumentView.swift in Sources */ = {isa = PBXBuildFile; fileRef = 4AA7B7DC25E6FA1B000D9666 /* ScanDocumentView.swift */; };
		4AA7B7E525E6FF85000D9666 /* Node.swift in Sources */ = {isa = PBXBuildFile; fileRef = 4AA7B7E425E6FF85000D9666 /* Node.swift */; };
		4AA7B7EA25E70071000D9666 /* LinkedList.swift in Sources */ = {isa = PBXBuildFile; fileRef = 4AA7B7E925E70071000D9666 /* LinkedList.swift */; };
		4AA7B7EF25E70BE5000D9666 /* CardItemView.swift in Sources */ = {isa = PBXBuildFile; fileRef = 4AA7B7EE25E70BE5000D9666 /* CardItemView.swift */; };
		4AA7B7F725E70BF2000D9666 /* CardView.swift in Sources */ = {isa = PBXBuildFile; fileRef = 4AA7B7F625E70BF2000D9666 /* CardView.swift */; };
/* End PBXBuildFile section */

/* Begin PBXContainerItemProxy section */
		4A3A5E0225E69A3E00DF5E41 /* PBXContainerItemProxy */ = {
			isa = PBXContainerItemProxy;
			containerPortal = 4A3A5DE825E69A2700DF5E41 /* Project object */;
			proxyType = 1;
			remoteGlobalIDString = 4A3A5DEF25E69A2700DF5E41;
			remoteInfo = RecieptProjectFinal;
		};
		4A3A5E0D25E69A3F00DF5E41 /* PBXContainerItemProxy */ = {
			isa = PBXContainerItemProxy;
			containerPortal = 4A3A5DE825E69A2700DF5E41 /* Project object */;
			proxyType = 1;
			remoteGlobalIDString = 4A3A5DEF25E69A2700DF5E41;
			remoteInfo = RecieptProjectFinal;
		};
/* End PBXContainerItemProxy section */

/* Begin PBXFileReference section */
		4A3A5DF025E69A2700DF5E41 /* RecieptProjectFinal.app */ = {isa = PBXFileReference; explicitFileType = wrapper.application; includeInIndex = 0; path = RecieptProjectFinal.app; sourceTree = BUILT_PRODUCTS_DIR; };
		4A3A5DF325E69A2700DF5E41 /* RecieptProjectFinalApp.swift */ = {isa = PBXFileReference; lastKnownFileType = sourcecode.swift; path = RecieptProjectFinalApp.swift; sourceTree = "<group>"; };
		4A3A5DF525E69A2700DF5E41 /* ContentView.swift */ = {isa = PBXFileReference; lastKnownFileType = sourcecode.swift; path = ContentView.swift; sourceTree = "<group>"; };
		4A3A5DF725E69A3D00DF5E41 /* Assets.xcassets */ = {isa = PBXFileReference; lastKnownFileType = folder.assetcatalog; path = Assets.xcassets; sourceTree = "<group>"; };
		4A3A5DFA25E69A3D00DF5E41 /* Preview Assets.xcassets */ = {isa = PBXFileReference; lastKnownFileType = folder.assetcatalog; path = "Preview Assets.xcassets"; sourceTree = "<group>"; };
		4A3A5DFC25E69A3E00DF5E41 /* Info.plist */ = {isa = PBXFileReference; lastKnownFileType = text.plist.xml; path = Info.plist; sourceTree = "<group>"; };
		4A3A5E0125E69A3E00DF5E41 /* RecieptProjectFinalTests.xctest */ = {isa = PBXFileReference; explicitFileType = wrapper.cfbundle; includeInIndex = 0; path = RecieptProjectFinalTests.xctest; sourceTree = BUILT_PRODUCTS_DIR; };
		4A3A5E0525E69A3E00DF5E41 /* RecieptProjectFinalTests.swift */ = {isa = PBXFileReference; lastKnownFileType = sourcecode.swift; path = RecieptProjectFinalTests.swift; sourceTree = "<group>"; };
		4A3A5E0725E69A3F00DF5E41 /* Info.plist */ = {isa = PBXFileReference; lastKnownFileType = text.plist.xml; path = Info.plist; sourceTree = "<group>"; };
		4A3A5E0C25E69A3F00DF5E41 /* RecieptProjectFinalUITests.xctest */ = {isa = PBXFileReference; explicitFileType = wrapper.cfbundle; includeInIndex = 0; path = RecieptProjectFinalUITests.xctest; sourceTree = BUILT_PRODUCTS_DIR; };
		4A3A5E1025E69A3F00DF5E41 /* RecieptProjectFinalUITests.swift */ = {isa = PBXFileReference; lastKnownFileType = sourcecode.swift; path = RecieptProjectFinalUITests.swift; sourceTree = "<group>"; };
		4A3A5E1225E69A3F00DF5E41 /* Info.plist */ = {isa = PBXFileReference; lastKnownFileType = text.plist.xml; path = Info.plist; sourceTree = "<group>"; };
		4AA7B78E25E6F238000D9666 /* MainView.swift */ = {isa = PBXFileReference; lastKnownFileType = sourcecode.swift; path = MainView.swift; sourceTree = "<group>"; };
		4AA7B79625E6F272000D9666 /* HomeView.swift */ = {isa = PBXFileReference; lastKnownFileType = sourcecode.swift; path = HomeView.swift; sourceTree = "<group>"; };
		4AA7B79B25E6F286000D9666 /* ScanView.swift */ = {isa = PBXFileReference; lastKnownFileType = sourcecode.swift; path = ScanView.swift; sourceTree = "<group>"; };
		4AA7B7A525E6F2A7000D9666 /* ShoppingView.swift */ = {isa = PBXFileReference; lastKnownFileType = sourcecode.swift; path = ShoppingView.swift; sourceTree = "<group>"; };
		4AA7B7AA25E6F2BB000D9666 /* TrendsView.swift */ = {isa = PBXFileReference; lastKnownFileType = sourcecode.swift; path = TrendsView.swift; sourceTree = "<group>"; };
		4AA7B7AF25E6F54B000D9666 /* Data.swift */ = {isa = PBXFileReference; lastKnownFileType = sourcecode.swift; path = Data.swift; sourceTree = "<group>"; };
		4AA7B7B425E6F5FA000D9666 /* Gradient View.swift */ = {isa = PBXFileReference; lastKnownFileType = sourcecode.swift; path = "Gradient View.swift"; sourceTree = "<group>"; };
		4AA7B7B925E6F64D000D9666 /* AccountButtonView.swift */ = {isa = PBXFileReference; lastKnownFileType = sourcecode.swift; path = AccountButtonView.swift; sourceTree = "<group>"; };
		4AA7B7C125E6F674000D9666 /* TabDetailsView.swift */ = {isa = PBXFileReference; lastKnownFileType = sourcecode.swift; path = TabDetailsView.swift; sourceTree = "<group>"; };
		4AA7B7C925E6F786000D9666 /* PageTabView.swift */ = {isa = PBXFileReference; lastKnownFileType = sourcecode.swift; path = PageTabView.swift; sourceTree = "<group>"; };
		4AA7B7D125E6F817000D9666 /* WalkthroughView.swift */ = {isa = PBXFileReference; lastKnownFileType = sourcecode.swift; path = WalkthroughView.swift; sourceTree = "<group>"; };
		4AA7B7DC25E6FA1B000D9666 /* ScanDocumentView.swift */ = {isa = PBXFileReference; lastKnownFileType = sourcecode.swift; path = ScanDocumentView.swift; sourceTree = "<group>"; };
		4AA7B7E425E6FF85000D9666 /* Node.swift */ = {isa = PBXFileReference; lastKnownFileType = sourcecode.swift; path = Node.swift; sourceTree = "<group>"; };
		4AA7B7E925E70071000D9666 /* LinkedList.swift */ = {isa = PBXFileReference; lastKnownFileType = sourcecode.swift; path = LinkedList.swift; sourceTree = "<group>"; };
		4AA7B7EE25E70BE5000D9666 /* CardItemView.swift */ = {isa = PBXFileReference; lastKnownFileType = sourcecode.swift; path = CardItemView.swift; sourceTree = "<group>"; };
		4AA7B7F625E70BF2000D9666 /* CardView.swift */ = {isa = PBXFileReference; lastKnownFileType = sourcecode.swift; path = CardView.swift; sourceTree = "<group>"; };
/* End PBXFileReference section */

/* Begin PBXFrameworksBuildPhase section */
		4A3A5DED25E69A2700DF5E41 /* Frameworks */ = {
			isa = PBXFrameworksBuildPhase;
			buildActionMask = 2147483647;
			files = (
			);
			runOnlyForDeploymentPostprocessing = 0;
		};
		4A3A5DFE25E69A3E00DF5E41 /* Frameworks */ = {
			isa = PBXFrameworksBuildPhase;
			buildActionMask = 2147483647;
			files = (
			);
			runOnlyForDeploymentPostprocessing = 0;
		};
		4A3A5E0925E69A3F00DF5E41 /* Frameworks */ = {
			isa = PBXFrameworksBuildPhase;
			buildActionMask = 2147483647;
			files = (
			);
			runOnlyForDeploymentPostprocessing = 0;
		};
/* End PBXFrameworksBuildPhase section */

/* Begin PBXGroup section */
		4A3A5DE725E69A2700DF5E41 = {
			isa = PBXGroup;
			children = (
				4A3A5DF225E69A2700DF5E41 /* RecieptProjectFinal */,
				4A3A5E0425E69A3E00DF5E41 /* RecieptProjectFinalTests */,
				4A3A5E0F25E69A3F00DF5E41 /* RecieptProjectFinalUITests */,
				4A3A5DF125E69A2700DF5E41 /* Products */,
			);
			sourceTree = "<group>";
		};
		4A3A5DF125E69A2700DF5E41 /* Products */ = {
			isa = PBXGroup;
			children = (
				4A3A5DF025E69A2700DF5E41 /* RecieptProjectFinal.app */,
				4A3A5E0125E69A3E00DF5E41 /* RecieptProjectFinalTests.xctest */,
				4A3A5E0C25E69A3F00DF5E41 /* RecieptProjectFinalUITests.xctest */,
			);
			name = Products;
			sourceTree = "<group>";
		};
		4A3A5DF225E69A2700DF5E41 /* RecieptProjectFinal */ = {
			isa = PBXGroup;
			children = (
				4AA7B78825E6F139000D9666 /* Main View */,
				4AA7B78625E6F117000D9666 /* Onboarding Screen */,
				4AA7B78725E6F12C000D9666 /* Settings */,
				4AA7B78925E6F168000D9666 /* Home View */,
				4AA7B78A25E6F175000D9666 /* Reciept Scan */,
				4AA7B78B25E6F17D000D9666 /* Files */,
				4AA7B78C25E6F1A5000D9666 /* Shopping List */,
				4AA7B78D25E6F1BB000D9666 /* Trends */,
				4A3A5DF725E69A3D00DF5E41 /* Assets.xcassets */,
				4A3A5DFC25E69A3E00DF5E41 /* Info.plist */,
				4A3A5DF925E69A3D00DF5E41 /* Preview Content */,
			);
			path = RecieptProjectFinal;
			sourceTree = "<group>";
		};
		4A3A5DF925E69A3D00DF5E41 /* Preview Content */ = {
			isa = PBXGroup;
			children = (
				4A3A5DFA25E69A3D00DF5E41 /* Preview Assets.xcassets */,
			);
			path = "Preview Content";
			sourceTree = "<group>";
		};
		4A3A5E0425E69A3E00DF5E41 /* RecieptProjectFinalTests */ = {
			isa = PBXGroup;
			children = (
				4A3A5E0525E69A3E00DF5E41 /* RecieptProjectFinalTests.swift */,
				4A3A5E0725E69A3F00DF5E41 /* Info.plist */,
			);
			path = RecieptProjectFinalTests;
			sourceTree = "<group>";
		};
		4A3A5E0F25E69A3F00DF5E41 /* RecieptProjectFinalUITests */ = {
			isa = PBXGroup;
			children = (
				4A3A5E1025E69A3F00DF5E41 /* RecieptProjectFinalUITests.swift */,
				4A3A5E1225E69A3F00DF5E41 /* Info.plist */,
			);
			path = RecieptProjectFinalUITests;
			sourceTree = "<group>";
		};
		4AA7B78625E6F117000D9666 /* Onboarding Screen */ = {
			isa = PBXGroup;
			children = (
				4A3A5DF525E69A2700DF5E41 /* ContentView.swift */,
				4AA7B7D125E6F817000D9666 /* WalkthroughView.swift */,
				4AA7B7C925E6F786000D9666 /* PageTabView.swift */,
				4AA7B7C125E6F674000D9666 /* TabDetailsView.swift */,
				4AA7B7B925E6F64D000D9666 /* AccountButtonView.swift */,
				4AA7B7B425E6F5FA000D9666 /* Gradient View.swift */,
				4AA7B7AF25E6F54B000D9666 /* Data.swift */,
			);
			path = "Onboarding Screen";
			sourceTree = "<group>";
		};
		4AA7B78725E6F12C000D9666 /* Settings */ = {
			isa = PBXGroup;
			children = (
			);
			path = Settings;
			sourceTree = "<group>";
		};
		4AA7B78825E6F139000D9666 /* Main View */ = {
			isa = PBXGroup;
			children = (
				4A3A5DF325E69A2700DF5E41 /* RecieptProjectFinalApp.swift */,
				4AA7B78E25E6F238000D9666 /* MainView.swift */,
			);
			path = "Main View";
			sourceTree = "<group>";
		};
		4AA7B78925E6F168000D9666 /* Home View */ = {
			isa = PBXGroup;
			children = (
				4AA7B79625E6F272000D9666 /* HomeView.swift */,
			);
			path = "Home View";
			sourceTree = "<group>";
		};
		4AA7B78A25E6F175000D9666 /* Reciept Scan */ = {
			isa = PBXGroup;
			children = (
				4AA7B79B25E6F286000D9666 /* ScanView.swift */,
				4AA7B7DC25E6FA1B000D9666 /* ScanDocumentView.swift */,
			);
			path = "Reciept Scan";
			sourceTree = "<group>";
		};
		4AA7B78B25E6F17D000D9666 /* Files */ = {
			isa = PBXGroup;
			children = (
				4AA7B7F625E70BF2000D9666 /* CardView.swift */,
				4AA7B7EE25E70BE5000D9666 /* CardItemView.swift */,
				4AA7B7E925E70071000D9666 /* LinkedList.swift */,
				4AA7B7E425E6FF85000D9666 /* Node.swift */,
			);
			path = Files;
			sourceTree = "<group>";
		};
		4AA7B78C25E6F1A5000D9666 /* Shopping List */ = {
			isa = PBXGroup;
			children = (
				4AA7B7A525E6F2A7000D9666 /* ShoppingView.swift */,
			);
			path = "Shopping List";
			sourceTree = "<group>";
		};
		4AA7B78D25E6F1BB000D9666 /* Trends */ = {
			isa = PBXGroup;
			children = (
				4AA7B7AA25E6F2BB000D9666 /* TrendsView.swift */,
			);
			path = Trends;
			sourceTree = "<group>";
		};
/* End PBXGroup section */

/* Begin PBXNativeTarget section */
		4A3A5DEF25E69A2700DF5E41 /* RecieptProjectFinal */ = {
			isa = PBXNativeTarget;
			buildConfigurationList = 4A3A5E1525E69A3F00DF5E41 /* Build configuration list for PBXNativeTarget "RecieptProjectFinal" */;
			buildPhases = (
				4A3A5DEC25E69A2700DF5E41 /* Sources */,
				4A3A5DED25E69A2700DF5E41 /* Frameworks */,
				4A3A5DEE25E69A2700DF5E41 /* Resources */,
			);
			buildRules = (
			);
			dependencies = (
			);
			name = RecieptProjectFinal;
			productName = RecieptProjectFinal;
			productReference = 4A3A5DF025E69A2700DF5E41 /* RecieptProjectFinal.app */;
			productType = "com.apple.product-type.application";
		};
		4A3A5E0025E69A3E00DF5E41 /* RecieptProjectFinalTests */ = {
			isa = PBXNativeTarget;
			buildConfigurationList = 4A3A5E1825E69A3F00DF5E41 /* Build configuration list for PBXNativeTarget "RecieptProjectFinalTests" */;
			buildPhases = (
				4A3A5DFD25E69A3E00DF5E41 /* Sources */,
				4A3A5DFE25E69A3E00DF5E41 /* Frameworks */,
				4A3A5DFF25E69A3E00DF5E41 /* Resources */,
			);
			buildRules = (
			);
			dependencies = (
				4A3A5E0325E69A3E00DF5E41 /* PBXTargetDependency */,
			);
			name = RecieptProjectFinalTests;
			productName = RecieptProjectFinalTests;
			productReference = 4A3A5E0125E69A3E00DF5E41 /* RecieptProjectFinalTests.xctest */;
			productType = "com.apple.product-type.bundle.unit-test";
		};
		4A3A5E0B25E69A3F00DF5E41 /* RecieptProjectFinalUITests */ = {
			isa = PBXNativeTarget;
			buildConfigurationList = 4A3A5E1B25E69A3F00DF5E41 /* Build configuration list for PBXNativeTarget "RecieptProjectFinalUITests" */;
			buildPhases = (
				4A3A5E0825E69A3F00DF5E41 /* Sources */,
				4A3A5E0925E69A3F00DF5E41 /* Frameworks */,
				4A3A5E0A25E69A3F00DF5E41 /* Resources */,
			);
			buildRules = (
			);
			dependencies = (
				4A3A5E0E25E69A3F00DF5E41 /* PBXTargetDependency */,
			);
			name = RecieptProjectFinalUITests;
			productName = RecieptProjectFinalUITests;
			productReference = 4A3A5E0C25E69A3F00DF5E41 /* RecieptProjectFinalUITests.xctest */;
			productType = "com.apple.product-type.bundle.ui-testing";
		};
/* End PBXNativeTarget section */

/* Begin PBXProject section */
		4A3A5DE825E69A2700DF5E41 /* Project object */ = {
			isa = PBXProject;
			attributes = {
				LastSwiftUpdateCheck = 1240;
				LastUpgradeCheck = 1240;
				TargetAttributes = {
					4A3A5DEF25E69A2700DF5E41 = {
						CreatedOnToolsVersion = 12.4;
					};
					4A3A5E0025E69A3E00DF5E41 = {
						CreatedOnToolsVersion = 12.4;
						TestTargetID = 4A3A5DEF25E69A2700DF5E41;
					};
					4A3A5E0B25E69A3F00DF5E41 = {
						CreatedOnToolsVersion = 12.4;
						TestTargetID = 4A3A5DEF25E69A2700DF5E41;
					};
				};
			};
			buildConfigurationList = 4A3A5DEB25E69A2700DF5E41 /* Build configuration list for PBXProject "RecieptProjectFinal" */;
			compatibilityVersion = "Xcode 9.3";
			developmentRegion = en;
			hasScannedForEncodings = 0;
			knownRegions = (
				en,
				Base,
			);
			mainGroup = 4A3A5DE725E69A2700DF5E41;
			productRefGroup = 4A3A5DF125E69A2700DF5E41 /* Products */;
			projectDirPath = "";
			projectRoot = "";
			targets = (
				4A3A5DEF25E69A2700DF5E41 /* RecieptProjectFinal */,
				4A3A5E0025E69A3E00DF5E41 /* RecieptProjectFinalTests */,
				4A3A5E0B25E69A3F00DF5E41 /* RecieptProjectFinalUITests */,
			);
		};
/* End PBXProject section */

/* Begin PBXResourcesBuildPhase section */
		4A3A5DEE25E69A2700DF5E41 /* Resources */ = {
			isa = PBXResourcesBuildPhase;
			buildActionMask = 2147483647;
			files = (
				4A3A5DFB25E69A3D00DF5E41 /* Preview Assets.xcassets in Resources */,
				4A3A5DF825E69A3D00DF5E41 /* Assets.xcassets in Resources */,
			);
			runOnlyForDeploymentPostprocessing = 0;
		};
		4A3A5DFF25E69A3E00DF5E41 /* Resources */ = {
			isa = PBXResourcesBuildPhase;
			buildActionMask = 2147483647;
			files = (
			);
			runOnlyForDeploymentPostprocessing = 0;
		};
		4A3A5E0A25E69A3F00DF5E41 /* Resources */ = {
			isa = PBXResourcesBuildPhase;
			buildActionMask = 2147483647;
			files = (
			);
			runOnlyForDeploymentPostprocessing = 0;
		};
/* End PBXResourcesBuildPhase section */

/* Begin PBXSourcesBuildPhase section */
		4A3A5DEC25E69A2700DF5E41 /* Sources */ = {
			isa = PBXSourcesBuildPhase;
			buildActionMask = 2147483647;
			files = (
				4AA7B7BA25E6F64D000D9666 /* AccountButtonView.swift in Sources */,
				4A3A5DF625E69A2700DF5E41 /* ContentView.swift in Sources */,
				4AA7B7C225E6F674000D9666 /* TabDetailsView.swift in Sources */,
				4AA7B79725E6F272000D9666 /* HomeView.swift in Sources */,
				4AA7B7EF25E70BE5000D9666 /* CardItemView.swift in Sources */,
				4AA7B79C25E6F286000D9666 /* ScanView.swift in Sources */,
				4AA7B7F725E70BF2000D9666 /* CardView.swift in Sources */,
				4AA7B7A625E6F2A7000D9666 /* ShoppingView.swift in Sources */,
				4AA7B78F25E6F238000D9666 /* MainView.swift in Sources */,
				4AA7B7AB25E6F2BB000D9666 /* TrendsView.swift in Sources */,
				4AA7B7CA25E6F786000D9666 /* PageTabView.swift in Sources */,
				4AA7B7B025E6F54B000D9666 /* Data.swift in Sources */,
				4AA7B7E525E6FF85000D9666 /* Node.swift in Sources */,
				4AA7B7D225E6F817000D9666 /* WalkthroughView.swift in Sources */,
				4A3A5DF425E69A2700DF5E41 /* RecieptProjectFinalApp.swift in Sources */,
				4AA7B7DD25E6FA1B000D9666 /* ScanDocumentView.swift in Sources */,
				4AA7B7EA25E70071000D9666 /* LinkedList.swift in Sources */,
				4AA7B7B525E6F5FA000D9666 /* Gradient View.swift in Sources */,
			);
			runOnlyForDeploymentPostprocessing = 0;
		};
		4A3A5DFD25E69A3E00DF5E41 /* Sources */ = {
			isa = PBXSourcesBuildPhase;
			buildActionMask = 2147483647;
			files = (
				4A3A5E0625E69A3E00DF5E41 /* RecieptProjectFinalTests.swift in Sources */,
			);
			runOnlyForDeploymentPostprocessing = 0;
		};
		4A3A5E0825E69A3F00DF5E41 /* Sources */ = {
			isa = PBXSourcesBuildPhase;
			buildActionMask = 2147483647;
			files = (
				4A3A5E1125E69A3F00DF5E41 /* RecieptProjectFinalUITests.swift in Sources */,
			);
			runOnlyForDeploymentPostprocessing = 0;
		};
/* End PBXSourcesBuildPhase section */

/* Begin PBXTargetDependency section */
		4A3A5E0325E69A3E00DF5E41 /* PBXTargetDependency */ = {
			isa = PBXTargetDependency;
			target = 4A3A5DEF25E69A2700DF5E41 /* RecieptProjectFinal */;
			targetProxy = 4A3A5E0225E69A3E00DF5E41 /* PBXContainerItemProxy */;
		};
		4A3A5E0E25E69A3F00DF5E41 /* PBXTargetDependency */ = {
			isa = PBXTargetDependency;
			target = 4A3A5DEF25E69A2700DF5E41 /* RecieptProjectFinal */;
			targetProxy = 4A3A5E0D25E69A3F00DF5E41 /* PBXContainerItemProxy */;
		};
/* End PBXTargetDependency section */

/* Begin XCBuildConfiguration section */
		4A3A5E1325E69A3F00DF5E41 /* Debug */ = {
			isa = XCBuildConfiguration;
			buildSettings = {
				ALWAYS_SEARCH_USER_PATHS = NO;
				CLANG_ANALYZER_NONNULL = YES;
				CLANG_ANALYZER_NUMBER_OBJECT_CONVERSION = YES_AGGRESSIVE;
				CLANG_CXX_LANGUAGE_STANDARD = "gnu++14";
				CLANG_CXX_LIBRARY = "libc++";
				CLANG_ENABLE_MODULES = YES;
				CLANG_ENABLE_OBJC_ARC = YES;
				CLANG_ENABLE_OBJC_WEAK = YES;
				CLANG_WARN_BLOCK_CAPTURE_AUTORELEASING = YES;
				CLANG_WARN_BOOL_CONVERSION = YES;
				CLANG_WARN_COMMA = YES;
				CLANG_WARN_CONSTANT_CONVERSION = YES;
				CLANG_WARN_DEPRECATED_OBJC_IMPLEMENTATIONS = YES;
				CLANG_WARN_DIRECT_OBJC_ISA_USAGE = YES_ERROR;
				CLANG_WARN_DOCUMENTATION_COMMENTS = YES;
				CLANG_WARN_EMPTY_BODY = YES;
				CLANG_WARN_ENUM_CONVERSION = YES;
				CLANG_WARN_INFINITE_RECURSION = YES;
				CLANG_WARN_INT_CONVERSION = YES;
				CLANG_WARN_NON_LITERAL_NULL_CONVERSION = YES;
				CLANG_WARN_OBJC_IMPLICIT_RETAIN_SELF = YES;
				CLANG_WARN_OBJC_LITERAL_CONVERSION = YES;
				CLANG_WARN_OBJC_ROOT_CLASS = YES_ERROR;
				CLANG_WARN_QUOTED_INCLUDE_IN_FRAMEWORK_HEADER = YES;
				CLANG_WARN_RANGE_LOOP_ANALYSIS = YES;
				CLANG_WARN_STRICT_PROTOTYPES = YES;
				CLANG_WARN_SUSPICIOUS_MOVE = YES;
				CLANG_WARN_UNGUARDED_AVAILABILITY = YES_AGGRESSIVE;
				CLANG_WARN_UNREACHABLE_CODE = YES;
				CLANG_WARN__DUPLICATE_METHOD_MATCH = YES;
				COPY_PHASE_STRIP = NO;
				DEBUG_INFORMATION_FORMAT = dwarf;
				ENABLE_STRICT_OBJC_MSGSEND = YES;
				ENABLE_TESTABILITY = YES;
				GCC_C_LANGUAGE_STANDARD = gnu11;
				GCC_DYNAMIC_NO_PIC = NO;
				GCC_NO_COMMON_BLOCKS = YES;
				GCC_OPTIMIZATION_LEVEL = 0;
				GCC_PREPROCESSOR_DEFINITIONS = (
					"DEBUG=1",
					"$(inherited)",
				);
				GCC_WARN_64_TO_32_BIT_CONVERSION = YES;
				GCC_WARN_ABOUT_RETURN_TYPE = YES_ERROR;
				GCC_WARN_UNDECLARED_SELECTOR = YES;
				GCC_WARN_UNINITIALIZED_AUTOS = YES_AGGRESSIVE;
				GCC_WARN_UNUSED_FUNCTION = YES;
				GCC_WARN_UNUSED_VARIABLE = YES;
				IPHONEOS_DEPLOYMENT_TARGET = 14.4;
				MTL_ENABLE_DEBUG_INFO = INCLUDE_SOURCE;
				MTL_FAST_MATH = YES;
				ONLY_ACTIVE_ARCH = YES;
				SDKROOT = iphoneos;
				SWIFT_ACTIVE_COMPILATION_CONDITIONS = DEBUG;
				SWIFT_OPTIMIZATION_LEVEL = "-Onone";
			};
			name = Debug;
		};
		4A3A5E1425E69A3F00DF5E41 /* Release */ = {
			isa = XCBuildConfiguration;
			buildSettings = {
				ALWAYS_SEARCH_USER_PATHS = NO;
				CLANG_ANALYZER_NONNULL = YES;
				CLANG_ANALYZER_NUMBER_OBJECT_CONVERSION = YES_AGGRESSIVE;
				CLANG_CXX_LANGUAGE_STANDARD = "gnu++14";
				CLANG_CXX_LIBRARY = "libc++";
				CLANG_ENABLE_MODULES = YES;
				CLANG_ENABLE_OBJC_ARC = YES;
				CLANG_ENABLE_OBJC_WEAK = YES;
				CLANG_WARN_BLOCK_CAPTURE_AUTORELEASING = YES;
				CLANG_WARN_BOOL_CONVERSION = YES;
				CLANG_WARN_COMMA = YES;
				CLANG_WARN_CONSTANT_CONVERSION = YES;
				CLANG_WARN_DEPRECATED_OBJC_IMPLEMENTATIONS = YES;
				CLANG_WARN_DIRECT_OBJC_ISA_USAGE = YES_ERROR;
				CLANG_WARN_DOCUMENTATION_COMMENTS = YES;
				CLANG_WARN_EMPTY_BODY = YES;
				CLANG_WARN_ENUM_CONVERSION = YES;
				CLANG_WARN_INFINITE_RECURSION = YES;
				CLANG_WARN_INT_CONVERSION = YES;
				CLANG_WARN_NON_LITERAL_NULL_CONVERSION = YES;
				CLANG_WARN_OBJC_IMPLICIT_RETAIN_SELF = YES;
				CLANG_WARN_OBJC_LITERAL_CONVERSION = YES;
				CLANG_WARN_OBJC_ROOT_CLASS = YES_ERROR;
				CLANG_WARN_QUOTED_INCLUDE_IN_FRAMEWORK_HEADER = YES;
				CLANG_WARN_RANGE_LOOP_ANALYSIS = YES;
				CLANG_WARN_STRICT_PROTOTYPES = YES;
				CLANG_WARN_SUSPICIOUS_MOVE = YES;
				CLANG_WARN_UNGUARDED_AVAILABILITY = YES_AGGRESSIVE;
				CLANG_WARN_UNREACHABLE_CODE = YES;
				CLANG_WARN__DUPLICATE_METHOD_MATCH = YES;
				COPY_PHASE_STRIP = NO;
				DEBUG_INFORMATION_FORMAT = "dwarf-with-dsym";
				ENABLE_NS_ASSERTIONS = NO;
				ENABLE_STRICT_OBJC_MSGSEND = YES;
				GCC_C_LANGUAGE_STANDARD = gnu11;
				GCC_NO_COMMON_BLOCKS = YES;
				GCC_WARN_64_TO_32_BIT_CONVERSION = YES;
				GCC_WARN_ABOUT_RETURN_TYPE = YES_ERROR;
				GCC_WARN_UNDECLARED_SELECTOR = YES;
				GCC_WARN_UNINITIALIZED_AUTOS = YES_AGGRESSIVE;
				GCC_WARN_UNUSED_FUNCTION = YES;
				GCC_WARN_UNUSED_VARIABLE = YES;
				IPHONEOS_DEPLOYMENT_TARGET = 14.4;
				MTL_ENABLE_DEBUG_INFO = NO;
				MTL_FAST_MATH = YES;
				SDKROOT = iphoneos;
				SWIFT_COMPILATION_MODE = wholemodule;
				SWIFT_OPTIMIZATION_LEVEL = "-O";
				VALIDATE_PRODUCT = YES;
			};
			name = Release;
		};
		4A3A5E1625E69A3F00DF5E41 /* Debug */ = {
			isa = XCBuildConfiguration;
			buildSettings = {
				ASSETCATALOG_COMPILER_APPICON_NAME = AppIcon;
				ASSETCATALOG_COMPILER_GLOBAL_ACCENT_COLOR_NAME = AccentColor;
				CODE_SIGN_STYLE = Automatic;
				DEVELOPMENT_ASSET_PATHS = "\"RecieptProjectFinal/Preview Content\"";
				DEVELOPMENT_TEAM = 9LSQX65XCV;
				ENABLE_PREVIEWS = YES;
				INFOPLIST_FILE = RecieptProjectFinal/Info.plist;
				IPHONEOS_DEPLOYMENT_TARGET = 14.0;
				LD_RUNPATH_SEARCH_PATHS = (
					"$(inherited)",
					"@executable_path/Frameworks",
				);
				PRODUCT_BUNDLE_IDENTIFIER = Bush.RecieptProjectFinal;
				PRODUCT_NAME = "$(TARGET_NAME)";
				SWIFT_VERSION = 5.0;
				TARGETED_DEVICE_FAMILY = "1,2";
			};
			name = Debug;
		};
		4A3A5E1725E69A3F00DF5E41 /* Release */ = {
			isa = XCBuildConfiguration;
			buildSettings = {
				ASSETCATALOG_COMPILER_APPICON_NAME = AppIcon;
				ASSETCATALOG_COMPILER_GLOBAL_ACCENT_COLOR_NAME = AccentColor;
				CODE_SIGN_STYLE = Automatic;
				DEVELOPMENT_ASSET_PATHS = "\"RecieptProjectFinal/Preview Content\"";
				DEVELOPMENT_TEAM = 9LSQX65XCV;
				ENABLE_PREVIEWS = YES;
				INFOPLIST_FILE = RecieptProjectFinal/Info.plist;
				IPHONEOS_DEPLOYMENT_TARGET = 14.0;
				LD_RUNPATH_SEARCH_PATHS = (
					"$(inherited)",
					"@executable_path/Frameworks",
				);
				PRODUCT_BUNDLE_IDENTIFIER = Bush.RecieptProjectFinal;
				PRODUCT_NAME = "$(TARGET_NAME)";
				SWIFT_VERSION = 5.0;
				TARGETED_DEVICE_FAMILY = "1,2";
			};
			name = Release;
		};
		4A3A5E1925E69A3F00DF5E41 /* Debug */ = {
			isa = XCBuildConfiguration;
			buildSettings = {
				ALWAYS_EMBED_SWIFT_STANDARD_LIBRARIES = YES;
				BUNDLE_LOADER = "$(TEST_HOST)";
				CODE_SIGN_STYLE = Automatic;
				DEVELOPMENT_TEAM = 9LSQX65XCV;
				INFOPLIST_FILE = RecieptProjectFinalTests/Info.plist;
				IPHONEOS_DEPLOYMENT_TARGET = 14.0;
				LD_RUNPATH_SEARCH_PATHS = (
					"$(inherited)",
					"@executable_path/Frameworks",
					"@loader_path/Frameworks",
				);
				PRODUCT_BUNDLE_IDENTIFIER = Bush.RecieptProjectFinalTests;
				PRODUCT_NAME = "$(TARGET_NAME)";
				SWIFT_VERSION = 5.0;
				TARGETED_DEVICE_FAMILY = "1,2";
				TEST_HOST = "$(BUILT_PRODUCTS_DIR)/RecieptProjectFinal.app/RecieptProjectFinal";
			};
			name = Debug;
		};
		4A3A5E1A25E69A3F00DF5E41 /* Release */ = {
			isa = XCBuildConfiguration;
			buildSettings = {
				ALWAYS_EMBED_SWIFT_STANDARD_LIBRARIES = YES;
				BUNDLE_LOADER = "$(TEST_HOST)";
				CODE_SIGN_STYLE = Automatic;
				DEVELOPMENT_TEAM = 9LSQX65XCV;
				INFOPLIST_FILE = RecieptProjectFinalTests/Info.plist;
				IPHONEOS_DEPLOYMENT_TARGET = 14.0;
				LD_RUNPATH_SEARCH_PATHS = (
					"$(inherited)",
					"@executable_path/Frameworks",
					"@loader_path/Frameworks",
				);
				PRODUCT_BUNDLE_IDENTIFIER = Bush.RecieptProjectFinalTests;
				PRODUCT_NAME = "$(TARGET_NAME)";
				SWIFT_VERSION = 5.0;
				TARGETED_DEVICE_FAMILY = "1,2";
				TEST_HOST = "$(BUILT_PRODUCTS_DIR)/RecieptProjectFinal.app/RecieptProjectFinal";
			};
			name = Release;
		};
		4A3A5E1C25E69A3F00DF5E41 /* Debug */ = {
			isa = XCBuildConfiguration;
			buildSettings = {
				ALWAYS_EMBED_SWIFT_STANDARD_LIBRARIES = YES;
				CODE_SIGN_STYLE = Automatic;
				DEVELOPMENT_TEAM = 9LSQX65XCV;
				INFOPLIST_FILE = RecieptProjectFinalUITests/Info.plist;
				LD_RUNPATH_SEARCH_PATHS = (
					"$(inherited)",
					"@executable_path/Frameworks",
					"@loader_path/Frameworks",
				);
				PRODUCT_BUNDLE_IDENTIFIER = Bush.RecieptProjectFinalUITests;
				PRODUCT_NAME = "$(TARGET_NAME)";
				SWIFT_VERSION = 5.0;
				TARGETED_DEVICE_FAMILY = "1,2";
				TEST_TARGET_NAME = RecieptProjectFinal;
			};
			name = Debug;
		};
		4A3A5E1D25E69A3F00DF5E41 /* Release */ = {
			isa = XCBuildConfiguration;
			buildSettings = {
				ALWAYS_EMBED_SWIFT_STANDARD_LIBRARIES = YES;
				CODE_SIGN_STYLE = Automatic;
				DEVELOPMENT_TEAM = 9LSQX65XCV;
				INFOPLIST_FILE = RecieptProjectFinalUITests/Info.plist;
				LD_RUNPATH_SEARCH_PATHS = (
					"$(inherited)",
					"@executable_path/Frameworks",
					"@loader_path/Frameworks",
				);
				PRODUCT_BUNDLE_IDENTIFIER = Bush.RecieptProjectFinalUITests;
				PRODUCT_NAME = "$(TARGET_NAME)";
				SWIFT_VERSION = 5.0;
				TARGETED_DEVICE_FAMILY = "1,2";
				TEST_TARGET_NAME = RecieptProjectFinal;
			};
			name = Release;
		};
/* End XCBuildConfiguration section */

/* Begin XCConfigurationList section */
		4A3A5DEB25E69A2700DF5E41 /* Build configuration list for PBXProject "RecieptProjectFinal" */ = {
			isa = XCConfigurationList;
			buildConfigurations = (
				4A3A5E1325E69A3F00DF5E41 /* Debug */,
				4A3A5E1425E69A3F00DF5E41 /* Release */,
			);
			defaultConfigurationIsVisible = 0;
			defaultConfigurationName = Release;
		};
		4A3A5E1525E69A3F00DF5E41 /* Build configuration list for PBXNativeTarget "RecieptProjectFinal" */ = {
			isa = XCConfigurationList;
			buildConfigurations = (
				4A3A5E1625E69A3F00DF5E41 /* Debug */,
				4A3A5E1725E69A3F00DF5E41 /* Release */,
			);
			defaultConfigurationIsVisible = 0;
			defaultConfigurationName = Release;
		};
		4A3A5E1825E69A3F00DF5E41 /* Build configuration list for PBXNativeTarget "RecieptProjectFinalTests" */ = {
			isa = XCConfigurationList;
			buildConfigurations = (
				4A3A5E1925E69A3F00DF5E41 /* Debug */,
				4A3A5E1A25E69A3F00DF5E41 /* Release */,
			);
			defaultConfigurationIsVisible = 0;
			defaultConfigurationName = Release;
		};
		4A3A5E1B25E69A3F00DF5E41 /* Build configuration list for PBXNativeTarget "RecieptProjectFinalUITests" */ = {
			isa = XCConfigurationList;
			buildConfigurations = (
				4A3A5E1C25E69A3F00DF5E41 /* Debug */,
				4A3A5E1D25E69A3F00DF5E41 /* Release */,
			);
			defaultConfigurationIsVisible = 0;
			defaultConfigurationName = Release;
		};
/* End XCConfigurationList section */
	};
	rootObject = 4A3A5DE825E69A2700DF5E41 /* Project object */;
}
